
Microsoft Visual Studio Solution File, Format Version 12.00
# Visual Studio Version 17
VisualStudioVersion = 17.4.33213.308
MinimumVisualStudioVersion = 10.0.40219.1
Project("{9A19103F-16F7-4668-BE54-9A1E7A4F7556}") = "PheasantTails.TwiHigh.Functions.Tweets", "src\PheasantTails.TwiHigh.Functions.Tweets\PheasantTails.TwiHigh.Functions.Tweets.csproj", "{476A7BA4-8D04-493D-914C-96E2FADF5730}"
EndProject
Project("{2150E333-8FDC-42A3-9474-1A3956D46DE8}") = "Properties", "Properties", "{6C7BCBC6-EA06-4604-BF1F-340EAEFAD917}"
	ProjectSection(SolutionItems) = preProject
		.gitignore = .gitignore
		LICENSE = LICENSE
		NOTICE = NOTICE
		README.md = README.md
	EndProjectSection
EndProject
Project("{9A19103F-16F7-4668-BE54-9A1E7A4F7556}") = "PheasantTails.TwiHigh.Data.Model", "src\PheasantTails.TwiHigh.Data.Model\PheasantTails.TwiHigh.Data.Model.csproj", "{DF52845F-AF4F-4581-96AF-4E1E17C51CA6}"
EndProject
Project("{9A19103F-16F7-4668-BE54-9A1E7A4F7556}") = "PheasantTails.TwiHigh.Functions.Timelines", "src\PheasantTails.TwiHigh.Functions.Timelines\PheasantTails.TwiHigh.Functions.Timelines.csproj", "{3EF897FD-2AC8-4528-9283-626580E8E3A6}"
EndProject
Project("{9A19103F-16F7-4668-BE54-9A1E7A4F7556}") = "PheasantTails.TwiHigh.Functions.Core", "src\PheasantTails.TwiHigh.Functions.Core\PheasantTails.TwiHigh.Functions.Core.csproj", "{29B38AA6-3699-4086-8A50-523EBA180BFA}"
EndProject
Project("{9A19103F-16F7-4668-BE54-9A1E7A4F7556}") = "PheasantTails.TwiHigh.Functions.Follows", "src\PheasantTails.TwiHigh.Functions.Follows\PheasantTails.TwiHigh.Functions.Follows.csproj", "{B0FAF80D-2D54-4E16-83D9-C9AF8F266CE6}"
EndProject
Project("{9A19103F-16F7-4668-BE54-9A1E7A4F7556}") = "PheasantTails.TwiHigh.DeveloperTools.CosmosDbCreator", "src\PheasantTails.TwiHigh.DeveloperTools.CosmosDbCreator\PheasantTails.TwiHigh.DeveloperTools.CosmosDbCreator.csproj", "{8ABC01D7-0485-4FAA-B764-F48E124D0357}"
EndProject
Project("{9A19103F-16F7-4668-BE54-9A1E7A4F7556}") = "PheasantTails.TwiHigh.Functions.TwiHighUsers", "src\PheasantTails.TwiHigh.Functions.TwiHighUsers\PheasantTails.TwiHigh.Functions.TwiHighUsers.csproj", "{63D660A7-69BB-4CCE-9196-B5AE2D8B3D7C}"
EndProject
Project("{9A19103F-16F7-4668-BE54-9A1E7A4F7556}") = "PheasantTails.TwiHigh.Client", "src\PheasantTails.TwiHigh.Client\PheasantTails.TwiHigh.Client.csproj", "{18D0277E-E8D6-4666-9AEB-9495C2A0D459}"
EndProject
Project("{2150E333-8FDC-42A3-9474-1A3956D46DE8}") = ".github", ".github", "{BF0D3C53-21DF-4443-ABE1-25814284A14A}"
EndProject
Project("{2150E333-8FDC-42A3-9474-1A3956D46DE8}") = "workflows", "workflows", "{8BCDB0CD-DFDE-4FE1-8A98-0AD961073AFB}"
	ProjectSection(SolutionItems) = preProject
		.github\workflows\deploy-azure-function.yml = .github\workflows\deploy-azure-function.yml
		.github\workflows\deploy-client-application.yml = .github\workflows\deploy-client-application.yml
		.github\workflows\deploy-follows-function.yml = .github\workflows\deploy-follows-function.yml
		.github\workflows\deploy-timelines-function.yml = .github\workflows\deploy-timelines-function.yml
		.github\workflows\deploy-tweets-function.yml = .github\workflows\deploy-tweets-function.yml
		.github\workflows\deploy-twihighusers-function.yml = .github\workflows\deploy-twihighusers-function.yml
	EndProjectSection
EndProject
Project("{9A19103F-16F7-4668-BE54-9A1E7A4F7556}") = "PheasantTails.TwiHigh.Functions.Feeds", "src\PheasantTails.TwiHigh.Functions.Feeds\PheasantTails.TwiHigh.Functions.Feeds.csproj", "{83DAC235-338B-4D9F-9FAB-A89509E51F5C}"
EndProject
Project("{9A19103F-16F7-4668-BE54-9A1E7A4F7556}") = "PheasantTails.TwiHigh.Interface", "src\PheasantTails.TwiHigh.Interface\PheasantTails.TwiHigh.Interface.csproj", "{492ED9E5-7336-434F-A7EF-05C8E19B89F5}"
EndProject
Global
	GlobalSection(SolutionConfigurationPlatforms) = preSolution
		Debug|Any CPU = Debug|Any CPU
		Release|Any CPU = Release|Any CPU
	EndGlobalSection
	GlobalSection(ProjectConfigurationPlatforms) = postSolution
		{476A7BA4-8D04-493D-914C-96E2FADF5730}.Debug|Any CPU.ActiveCfg = Debug|Any CPU
		{476A7BA4-8D04-493D-914C-96E2FADF5730}.Debug|Any CPU.Build.0 = Debug|Any CPU
		{476A7BA4-8D04-493D-914C-96E2FADF5730}.Release|Any CPU.ActiveCfg = Release|Any CPU
		{476A7BA4-8D04-493D-914C-96E2FADF5730}.Release|Any CPU.Build.0 = Release|Any CPU
		{DF52845F-AF4F-4581-96AF-4E1E17C51CA6}.Debug|Any CPU.ActiveCfg = Debug|Any CPU
		{DF52845F-AF4F-4581-96AF-4E1E17C51CA6}.Debug|Any CPU.Build.0 = Debug|Any CPU
		{DF52845F-AF4F-4581-96AF-4E1E17C51CA6}.Release|Any CPU.ActiveCfg = Release|Any CPU
		{DF52845F-AF4F-4581-96AF-4E1E17C51CA6}.Release|Any CPU.Build.0 = Release|Any CPU
		{3EF897FD-2AC8-4528-9283-626580E8E3A6}.Debug|Any CPU.ActiveCfg = Debug|Any CPU
		{3EF897FD-2AC8-4528-9283-626580E8E3A6}.Debug|Any CPU.Build.0 = Debug|Any CPU
		{3EF897FD-2AC8-4528-9283-626580E8E3A6}.Release|Any CPU.ActiveCfg = Release|Any CPU
		{3EF897FD-2AC8-4528-9283-626580E8E3A6}.Release|Any CPU.Build.0 = Release|Any CPU
		{29B38AA6-3699-4086-8A50-523EBA180BFA}.Debug|Any CPU.ActiveCfg = Debug|Any CPU
		{29B38AA6-3699-4086-8A50-523EBA180BFA}.Debug|Any CPU.Build.0 = Debug|Any CPU
		{29B38AA6-3699-4086-8A50-523EBA180BFA}.Release|Any CPU.ActiveCfg = Release|Any CPU
		{29B38AA6-3699-4086-8A50-523EBA180BFA}.Release|Any CPU.Build.0 = Release|Any CPU
		{B0FAF80D-2D54-4E16-83D9-C9AF8F266CE6}.Debug|Any CPU.ActiveCfg = Debug|Any CPU
		{B0FAF80D-2D54-4E16-83D9-C9AF8F266CE6}.Debug|Any CPU.Build.0 = Debug|Any CPU
		{B0FAF80D-2D54-4E16-83D9-C9AF8F266CE6}.Release|Any CPU.ActiveCfg = Release|Any CPU
		{B0FAF80D-2D54-4E16-83D9-C9AF8F266CE6}.Release|Any CPU.Build.0 = Release|Any CPU
		{8ABC01D7-0485-4FAA-B764-F48E124D0357}.Debug|Any CPU.ActiveCfg = Debug|Any CPU
		{8ABC01D7-0485-4FAA-B764-F48E124D0357}.Debug|Any CPU.Build.0 = Debug|Any CPU
		{8ABC01D7-0485-4FAA-B764-F48E124D0357}.Release|Any CPU.ActiveCfg = Release|Any CPU
		{8ABC01D7-0485-4FAA-B764-F48E124D0357}.Release|Any CPU.Build.0 = Release|Any CPU
		{63D660A7-69BB-4CCE-9196-B5AE2D8B3D7C}.Debug|Any CPU.ActiveCfg = Debug|Any CPU
		{63D660A7-69BB-4CCE-9196-B5AE2D8B3D7C}.Debug|Any CPU.Build.0 = Debug|Any CPU
		{63D660A7-69BB-4CCE-9196-B5AE2D8B3D7C}.Release|Any CPU.ActiveCfg = Release|Any CPU
		{63D660A7-69BB-4CCE-9196-B5AE2D8B3D7C}.Release|Any CPU.Build.0 = Release|Any CPU
		{18D0277E-E8D6-4666-9AEB-9495C2A0D459}.Debug|Any CPU.ActiveCfg = Debug|Any CPU
		{18D0277E-E8D6-4666-9AEB-9495C2A0D459}.Debug|Any CPU.Build.0 = Debug|Any CPU
		{18D0277E-E8D6-4666-9AEB-9495C2A0D459}.Release|Any CPU.ActiveCfg = Release|Any CPU
		{18D0277E-E8D6-4666-9AEB-9495C2A0D459}.Release|Any CPU.Build.0 = Release|Any CPU
		{83DAC235-338B-4D9F-9FAB-A89509E51F5C}.Debug|Any CPU.ActiveCfg = Debug|Any CPU
		{83DAC235-338B-4D9F-9FAB-A89509E51F5C}.Debug|Any CPU.Build.0 = Debug|Any CPU
		{83DAC235-338B-4D9F-9FAB-A89509E51F5C}.Release|Any CPU.ActiveCfg = Release|Any CPU
		{83DAC235-338B-4D9F-9FAB-A89509E51F5C}.Release|Any CPU.Build.0 = Release|Any CPU
		{492ED9E5-7336-434F-A7EF-05C8E19B89F5}.Debug|Any CPU.ActiveCfg = Debug|Any CPU
		{492ED9E5-7336-434F-A7EF-05C8E19B89F5}.Debug|Any CPU.Build.0 = Debug|Any CPU
		{492ED9E5-7336-434F-A7EF-05C8E19B89F5}.Release|Any CPU.ActiveCfg = Release|Any CPU
		{492ED9E5-7336-434F-A7EF-05C8E19B89F5}.Release|Any CPU.Build.0 = Release|Any CPU
	EndGlobalSection
	GlobalSection(SolutionProperties) = preSolution
		HideSolutionNode = FALSE
	EndGlobalSection
	GlobalSection(NestedProjects) = preSolution
		{8BCDB0CD-DFDE-4FE1-8A98-0AD961073AFB} = {BF0D3C53-21DF-4443-ABE1-25814284A14A}
	EndGlobalSection
	GlobalSection(ExtensibilityGlobals) = postSolution
		SolutionGuid = {0A5F0AC6-A1E7-4971-B1F0-B8C42660EC25}
	EndGlobalSection
EndGlobal
